
Microsoft Visual Studio Solution File, Format Version 12.00
# Visual Studio Version 16
VisualStudioVersion = 16.0.29306.81
MinimumVisualStudioVersion = 10.0.40219.1
Project("{8BC9CEB8-8B4A-11D0-8D11-00A0C91BC942}") = "ExchValWithPoint", "ExchValWithPoint.vcxproj", "{1816335F-4F8B-4D12-8D4C-B2DB7CC421C5}"
EndProject
Global
	GlobalSection(SolutionConfigurationPlatforms) = preSolution
		Debug|x64 = Debug|x64
		Debug|x86 = Debug|x86
		Release|x64 = Release|x64
		Release|x86 = Release|x86
	EndGlobalSection
	GlobalSection(ProjectConfigurationPlatforms) = postSolution
		{1816335F-4F8B-4D12-8D4C-B2DB7CC421C5}.Debug|x64.ActiveCfg = Debug|x64
		{1816335F-4F8B-4D12-8D4C-B2DB7CC421C5}.Debug|x64.Build.0 = Debug|x64
		{1816335F-4F8B-4D12-8D4C-B2DB7CC421C5}.Debug|x86.ActiveCfg = Debug|Win32
		{1816335F-4F8B-4D12-8D4C-B2DB7CC421C5}.Debug|x86.Build.0 = Debug|Win32
		{1816335F-4F8B-4D12-8D4C-B2DB7CC421C5}.Release|x64.ActiveCfg = Release|x64
		{1816335F-4F8B-4D12-8D4C-B2DB7CC421C5}.Release|x64.Build.0 = Release|x64
		{1816335F-4F8B-4D12-8D4C-B2DB7CC421C5}.Release|x86.ActiveCfg = Release|Win32
		{1816335F-4F8B-4D12-8D4C-B2DB7CC421C5}.Release|x86.Build.0 = Release|Win32
	EndGlobalSection
	GlobalSection(SolutionProperties) = preSolution
		HideSolutionNode = FALSE
	EndGlobalSection
	GlobalSection(ExtensibilityGlobals) = postSolution
		SolutionGuid = {8B9BDBBE-9EDA-4E4B-A197-4CF2448B0772}
	EndGlobalSection
EndGlobal
