
Microsoft Visual Studio Solution File, Format Version 12.00
# Visual Studio Version 16
VisualStudioVersion = 16.0.29123.88
MinimumVisualStudioVersion = 10.0.40219.1
Project("{FAE04EC0-301F-11D3-BF4B-00C04F79EFBC}") = "SuperProject", "SuperProject\SuperProject.csproj", "{FE582DEB-9F62-41B6-8AD2-29DC448EF3BE}"
EndProject
Global
	GlobalSection(SolutionConfigurationPlatforms) = preSolution
		Debug|Any CPU = Debug|Any CPU
		Release|Any CPU = Release|Any CPU
	EndGlobalSection
	GlobalSection(ProjectConfigurationPlatforms) = postSolution
		{FE582DEB-9F62-41B6-8AD2-29DC448EF3BE}.Debug|Any CPU.ActiveCfg = Debug|Any CPU
		{FE582DEB-9F62-41B6-8AD2-29DC448EF3BE}.Debug|Any CPU.Build.0 = Debug|Any CPU
		{FE582DEB-9F62-41B6-8AD2-29DC448EF3BE}.Release|Any CPU.ActiveCfg = Release|Any CPU
		{FE582DEB-9F62-41B6-8AD2-29DC448EF3BE}.Release|Any CPU.Build.0 = Release|Any CPU
	EndGlobalSection
	GlobalSection(SolutionProperties) = preSolution
		HideSolutionNode = FALSE
	EndGlobalSection
	GlobalSection(ExtensibilityGlobals) = postSolution
		SolutionGuid = {327271D5-1837-4919-B58D-F105B05D06B0}
	EndGlobalSection
EndGlobal
