
Microsoft Visual Studio Solution File, Format Version 12.00
# Visual Studio Version 16
VisualStudioVersion = 16.0.29123.88
MinimumVisualStudioVersion = 10.0.40219.1
Project("{FAE04EC0-301F-11D3-BF4B-00C04F79EFBC}") = "SuperProject2", "SuperProject2.csproj", "{4A0563CF-3E80-455F-BBBD-854E20B01DF5}"
EndProject
Global
	GlobalSection(SolutionConfigurationPlatforms) = preSolution
		Debug|Any CPU = Debug|Any CPU
		Release|Any CPU = Release|Any CPU
	EndGlobalSection
	GlobalSection(ProjectConfigurationPlatforms) = postSolution
		{4A0563CF-3E80-455F-BBBD-854E20B01DF5}.Debug|Any CPU.ActiveCfg = Debug|Any CPU
		{4A0563CF-3E80-455F-BBBD-854E20B01DF5}.Debug|Any CPU.Build.0 = Debug|Any CPU
		{4A0563CF-3E80-455F-BBBD-854E20B01DF5}.Release|Any CPU.ActiveCfg = Release|Any CPU
		{4A0563CF-3E80-455F-BBBD-854E20B01DF5}.Release|Any CPU.Build.0 = Release|Any CPU
	EndGlobalSection
	GlobalSection(SolutionProperties) = preSolution
		HideSolutionNode = FALSE
	EndGlobalSection
	GlobalSection(ExtensibilityGlobals) = postSolution
		SolutionGuid = {C8810C45-E791-40BE-91D9-D4601F69F15B}
	EndGlobalSection
EndGlobal
