
Microsoft Visual Studio Solution File, Format Version 12.00
# Visual Studio Version 16
VisualStudioVersion = 16.0.29215.179
MinimumVisualStudioVersion = 10.0.40219.1
Project("{FAE04EC0-301F-11D3-BF4B-00C04F79EFBC}") = "LearnCSharp", "LearnCSharp.csproj", "{BF097D23-1775-400E-B1DB-9C1AFC774B87}"
EndProject
Global
	GlobalSection(SolutionConfigurationPlatforms) = preSolution
		Debug|Any CPU = Debug|Any CPU
		Release|Any CPU = Release|Any CPU
	EndGlobalSection
	GlobalSection(ProjectConfigurationPlatforms) = postSolution
		{BF097D23-1775-400E-B1DB-9C1AFC774B87}.Debug|Any CPU.ActiveCfg = Debug|Any CPU
		{BF097D23-1775-400E-B1DB-9C1AFC774B87}.Debug|Any CPU.Build.0 = Debug|Any CPU
		{BF097D23-1775-400E-B1DB-9C1AFC774B87}.Release|Any CPU.ActiveCfg = Release|Any CPU
		{BF097D23-1775-400E-B1DB-9C1AFC774B87}.Release|Any CPU.Build.0 = Release|Any CPU
	EndGlobalSection
	GlobalSection(SolutionProperties) = preSolution
		HideSolutionNode = FALSE
	EndGlobalSection
	GlobalSection(ExtensibilityGlobals) = postSolution
		SolutionGuid = {586CD08E-C0B3-4C54-8C7C-6EE44EE5E362}
	EndGlobalSection
EndGlobal
